
Microsoft Visual Studio Solution File, Format Version 12.00
# Visual Studio Version 16
VisualStudioVersion = 16.0.32802.399
MinimumVisualStudioVersion = 10.0.40219.1
Project("{FAE04EC0-301F-11D3-BF4B-00C04F79EFBC}") = "Taskmanager_API", "Taskmanager_API\Taskmanager_API.csproj", "{60E6BE81-5DED-45DD-AAE3-E2C4C5E67858}"
EndProject
Global
	GlobalSection(SolutionConfigurationPlatforms) = preSolution
		Debug|Any CPU = Debug|Any CPU
		Release|Any CPU = Release|Any CPU
	EndGlobalSection
	GlobalSection(ProjectConfigurationPlatforms) = postSolution
		{60E6BE81-5DED-45DD-AAE3-E2C4C5E67858}.Debug|Any CPU.ActiveCfg = Debug|Any CPU
		{60E6BE81-5DED-45DD-AAE3-E2C4C5E67858}.Debug|Any CPU.Build.0 = Debug|Any CPU
		{60E6BE81-5DED-45DD-AAE3-E2C4C5E67858}.Release|Any CPU.ActiveCfg = Release|Any CPU
		{60E6BE81-5DED-45DD-AAE3-E2C4C5E67858}.Release|Any CPU.Build.0 = Release|Any CPU
	EndGlobalSection
	GlobalSection(SolutionProperties) = preSolution
		HideSolutionNode = FALSE
	EndGlobalSection
	GlobalSection(ExtensibilityGlobals) = postSolution
		SolutionGuid = {B548D80A-2A30-4BFE-944D-209A22B26DDE}
	EndGlobalSection
EndGlobal
